
Microsoft Visual Studio Solution File, Format Version 12.00
# Visual Studio Version 16
VisualStudioVersion = 16.0.31005.135
MinimumVisualStudioVersion = 10.0.40219.1
Project("{FAE04EC0-301F-11D3-BF4B-00C04F79EFBC}") = "adres", "adres\adres.csproj", "{69FF3102-73F1-4EE0-B790-F74A6DBE9D79}"
EndProject
Global
	GlobalSection(SolutionConfigurationPlatforms) = preSolution
		Debug|Any CPU = Debug|Any CPU
		Release|Any CPU = Release|Any CPU
	EndGlobalSection
	GlobalSection(ProjectConfigurationPlatforms) = postSolution
		{69FF3102-73F1-4EE0-B790-F74A6DBE9D79}.Debug|Any CPU.ActiveCfg = Debug|Any CPU
		{69FF3102-73F1-4EE0-B790-F74A6DBE9D79}.Debug|Any CPU.Build.0 = Debug|Any CPU
		{69FF3102-73F1-4EE0-B790-F74A6DBE9D79}.Release|Any CPU.ActiveCfg = Release|Any CPU
		{69FF3102-73F1-4EE0-B790-F74A6DBE9D79}.Release|Any CPU.Build.0 = Release|Any CPU
	EndGlobalSection
	GlobalSection(SolutionProperties) = preSolution
		HideSolutionNode = FALSE
	EndGlobalSection
	GlobalSection(ExtensibilityGlobals) = postSolution
		SolutionGuid = {034B581F-01D3-4294-94EA-5FD452047F9C}
	EndGlobalSection
EndGlobal
